
Microsoft Visual Studio Solution File, Format Version 12.00
# Visual Studio Version 16
VisualStudioVersion = 16.0.28516.95
MinimumVisualStudioVersion = 10.0.40219.1
Project("{FAE04EC0-301F-11D3-BF4B-00C04F79EFBC}") = "Project.Domain", "Project.Domain\Project.Domain.csproj", "{776E6B2D-F272-429D-B481-8CDD0C5792F7}"
EndProject
Project("{FAE04EC0-301F-11D3-BF4B-00C04F79EFBC}") = "Project.Http", "Project.Http\Project.Http.csproj", "{5EE6CE81-9681-4CDC-AE58-132E837D69B4}"
EndProject
Project("{FAE04EC0-301F-11D3-BF4B-00C04F79EFBC}") = "Project.UI", "Project.UI\Project.UI.csproj", "{486F6D90-5137-4960-B96E-C69C64A6BF65}"
EndProject
Project("{FAE04EC0-301F-11D3-BF4B-00C04F79EFBC}") = "Project.Test", "Project.Test\Project.Test.csproj", "{FE953BEC-98E3-4400-AB82-7690D722D998}"
EndProject
Project("{2150E333-8FDC-42A3-9474-1A3956D46DE8}") = "Solution Items", "Solution Items", "{3F5B8C25-3937-450D-B5DE-1EB5A69DCD4F}"
	ProjectSection(SolutionItems) = preProject
		Versiyon Notları.txt = Versiyon Notları.txt
	EndProjectSection
EndProject
Project("{262852C6-CD72-467D-83FE-5EEB1973A190}") = "Project.Mobile", "Project.Mobile\Project.Mobile.jsproj", "{89C30DD6-4B3C-4E2E-B53D-B95856299FA1}"
EndProject
Project("{FAE04EC0-301F-11D3-BF4B-00C04F79EFBC}") = "Project.Android", "Project.Android\Project.Android.csproj", "{5DB28034-49BF-4740-877F-C3C9DEDE3175}"
EndProject
Global
	GlobalSection(SolutionConfigurationPlatforms) = preSolution
		Debug|Android = Debug|Android
		Debug|Any CPU = Debug|Any CPU
		Debug|iOS = Debug|iOS
		Debug|Windows-ARM = Debug|Windows-ARM
		Debug|Windows-x64 = Debug|Windows-x64
		Debug|Windows-x86 = Debug|Windows-x86
		Release|Android = Release|Android
		Release|Any CPU = Release|Any CPU
		Release|iOS = Release|iOS
		Release|Windows-ARM = Release|Windows-ARM
		Release|Windows-x64 = Release|Windows-x64
		Release|Windows-x86 = Release|Windows-x86
	EndGlobalSection
	GlobalSection(ProjectConfigurationPlatforms) = postSolution
		{776E6B2D-F272-429D-B481-8CDD0C5792F7}.Debug|Android.ActiveCfg = Debug|Any CPU
		{776E6B2D-F272-429D-B481-8CDD0C5792F7}.Debug|Android.Build.0 = Debug|Any CPU
		{776E6B2D-F272-429D-B481-8CDD0C5792F7}.Debug|Any CPU.ActiveCfg = Debug|Any CPU
		{776E6B2D-F272-429D-B481-8CDD0C5792F7}.Debug|Any CPU.Build.0 = Debug|Any CPU
		{776E6B2D-F272-429D-B481-8CDD0C5792F7}.Debug|iOS.ActiveCfg = Debug|Any CPU
		{776E6B2D-F272-429D-B481-8CDD0C5792F7}.Debug|iOS.Build.0 = Debug|Any CPU
		{776E6B2D-F272-429D-B481-8CDD0C5792F7}.Debug|Windows-ARM.ActiveCfg = Debug|Any CPU
		{776E6B2D-F272-429D-B481-8CDD0C5792F7}.Debug|Windows-ARM.Build.0 = Debug|Any CPU
		{776E6B2D-F272-429D-B481-8CDD0C5792F7}.Debug|Windows-x64.ActiveCfg = Debug|Any CPU
		{776E6B2D-F272-429D-B481-8CDD0C5792F7}.Debug|Windows-x64.Build.0 = Debug|Any CPU
		{776E6B2D-F272-429D-B481-8CDD0C5792F7}.Debug|Windows-x86.ActiveCfg = Debug|Any CPU
		{776E6B2D-F272-429D-B481-8CDD0C5792F7}.Debug|Windows-x86.Build.0 = Debug|Any CPU
		{776E6B2D-F272-429D-B481-8CDD0C5792F7}.Release|Android.ActiveCfg = Release|Any CPU
		{776E6B2D-F272-429D-B481-8CDD0C5792F7}.Release|Android.Build.0 = Release|Any CPU
		{776E6B2D-F272-429D-B481-8CDD0C5792F7}.Release|Any CPU.ActiveCfg = Release|Any CPU
		{776E6B2D-F272-429D-B481-8CDD0C5792F7}.Release|Any CPU.Build.0 = Release|Any CPU
		{776E6B2D-F272-429D-B481-8CDD0C5792F7}.Release|iOS.ActiveCfg = Release|Any CPU
		{776E6B2D-F272-429D-B481-8CDD0C5792F7}.Release|iOS.Build.0 = Release|Any CPU
		{776E6B2D-F272-429D-B481-8CDD0C5792F7}.Release|Windows-ARM.ActiveCfg = Release|Any CPU
		{776E6B2D-F272-429D-B481-8CDD0C5792F7}.Release|Windows-ARM.Build.0 = Release|Any CPU
		{776E6B2D-F272-429D-B481-8CDD0C5792F7}.Release|Windows-x64.ActiveCfg = Release|Any CPU
		{776E6B2D-F272-429D-B481-8CDD0C5792F7}.Release|Windows-x64.Build.0 = Release|Any CPU
		{776E6B2D-F272-429D-B481-8CDD0C5792F7}.Release|Windows-x86.ActiveCfg = Release|Any CPU
		{776E6B2D-F272-429D-B481-8CDD0C5792F7}.Release|Windows-x86.Build.0 = Release|Any CPU
		{5EE6CE81-9681-4CDC-AE58-132E837D69B4}.Debug|Android.ActiveCfg = Debug|Any CPU
		{5EE6CE81-9681-4CDC-AE58-132E837D69B4}.Debug|Android.Build.0 = Debug|Any CPU
		{5EE6CE81-9681-4CDC-AE58-132E837D69B4}.Debug|Any CPU.ActiveCfg = Debug|Any CPU
		{5EE6CE81-9681-4CDC-AE58-132E837D69B4}.Debug|Any CPU.Build.0 = Debug|Any CPU
		{5EE6CE81-9681-4CDC-AE58-132E837D69B4}.Debug|iOS.ActiveCfg = Debug|Any CPU
		{5EE6CE81-9681-4CDC-AE58-132E837D69B4}.Debug|iOS.Build.0 = Debug|Any CPU
		{5EE6CE81-9681-4CDC-AE58-132E837D69B4}.Debug|Windows-ARM.ActiveCfg = Debug|Any CPU
		{5EE6CE81-9681-4CDC-AE58-132E837D69B4}.Debug|Windows-ARM.Build.0 = Debug|Any CPU
		{5EE6CE81-9681-4CDC-AE58-132E837D69B4}.Debug|Windows-x64.ActiveCfg = Debug|Any CPU
		{5EE6CE81-9681-4CDC-AE58-132E837D69B4}.Debug|Windows-x64.Build.0 = Debug|Any CPU
		{5EE6CE81-9681-4CDC-AE58-132E837D69B4}.Debug|Windows-x86.ActiveCfg = Debug|Any CPU
		{5EE6CE81-9681-4CDC-AE58-132E837D69B4}.Debug|Windows-x86.Build.0 = Debug|Any CPU
		{5EE6CE81-9681-4CDC-AE58-132E837D69B4}.Release|Android.ActiveCfg = Release|Any CPU
		{5EE6CE81-9681-4CDC-AE58-132E837D69B4}.Release|Android.Build.0 = Release|Any CPU
		{5EE6CE81-9681-4CDC-AE58-132E837D69B4}.Release|Any CPU.ActiveCfg = Release|Any CPU
		{5EE6CE81-9681-4CDC-AE58-132E837D69B4}.Release|Any CPU.Build.0 = Release|Any CPU
		{5EE6CE81-9681-4CDC-AE58-132E837D69B4}.Release|iOS.ActiveCfg = Release|Any CPU
		{5EE6CE81-9681-4CDC-AE58-132E837D69B4}.Release|iOS.Build.0 = Release|Any CPU
		{5EE6CE81-9681-4CDC-AE58-132E837D69B4}.Release|Windows-ARM.ActiveCfg = Release|Any CPU
		{5EE6CE81-9681-4CDC-AE58-132E837D69B4}.Release|Windows-ARM.Build.0 = Release|Any CPU
		{5EE6CE81-9681-4CDC-AE58-132E837D69B4}.Release|Windows-x64.ActiveCfg = Release|Any CPU
		{5EE6CE81-9681-4CDC-AE58-132E837D69B4}.Release|Windows-x64.Build.0 = Release|Any CPU
		{5EE6CE81-9681-4CDC-AE58-132E837D69B4}.Release|Windows-x86.ActiveCfg = Release|Any CPU
		{5EE6CE81-9681-4CDC-AE58-132E837D69B4}.Release|Windows-x86.Build.0 = Release|Any CPU
		{486F6D90-5137-4960-B96E-C69C64A6BF65}.Debug|Android.ActiveCfg = Debug|Any CPU
		{486F6D90-5137-4960-B96E-C69C64A6BF65}.Debug|Android.Build.0 = Debug|Any CPU
		{486F6D90-5137-4960-B96E-C69C64A6BF65}.Debug|Any CPU.ActiveCfg = Debug|Any CPU
		{486F6D90-5137-4960-B96E-C69C64A6BF65}.Debug|Any CPU.Build.0 = Debug|Any CPU
		{486F6D90-5137-4960-B96E-C69C64A6BF65}.Debug|iOS.ActiveCfg = Debug|Any CPU
		{486F6D90-5137-4960-B96E-C69C64A6BF65}.Debug|iOS.Build.0 = Debug|Any CPU
		{486F6D90-5137-4960-B96E-C69C64A6BF65}.Debug|Windows-ARM.ActiveCfg = Debug|Any CPU
		{486F6D90-5137-4960-B96E-C69C64A6BF65}.Debug|Windows-ARM.Build.0 = Debug|Any CPU
		{486F6D90-5137-4960-B96E-C69C64A6BF65}.Debug|Windows-x64.ActiveCfg = Debug|Any CPU
		{486F6D90-5137-4960-B96E-C69C64A6BF65}.Debug|Windows-x64.Build.0 = Debug|Any CPU
		{486F6D90-5137-4960-B96E-C69C64A6BF65}.Debug|Windows-x86.ActiveCfg = Debug|Any CPU
		{486F6D90-5137-4960-B96E-C69C64A6BF65}.Debug|Windows-x86.Build.0 = Debug|Any CPU
		{486F6D90-5137-4960-B96E-C69C64A6BF65}.Release|Android.ActiveCfg = Release|Any CPU
		{486F6D90-5137-4960-B96E-C69C64A6BF65}.Release|Android.Build.0 = Release|Any CPU
		{486F6D90-5137-4960-B96E-C69C64A6BF65}.Release|Any CPU.ActiveCfg = Release|Any CPU
		{486F6D90-5137-4960-B96E-C69C64A6BF65}.Release|Any CPU.Build.0 = Release|Any CPU
		{486F6D90-5137-4960-B96E-C69C64A6BF65}.Release|iOS.ActiveCfg = Release|Any CPU
		{486F6D90-5137-4960-B96E-C69C64A6BF65}.Release|iOS.Build.0 = Release|Any CPU
		{486F6D90-5137-4960-B96E-C69C64A6BF65}.Release|Windows-ARM.ActiveCfg = Release|Any CPU
		{486F6D90-5137-4960-B96E-C69C64A6BF65}.Release|Windows-ARM.Build.0 = Release|Any CPU
		{486F6D90-5137-4960-B96E-C69C64A6BF65}.Release|Windows-x64.ActiveCfg = Release|Any CPU
		{486F6D90-5137-4960-B96E-C69C64A6BF65}.Release|Windows-x64.Build.0 = Release|Any CPU
		{486F6D90-5137-4960-B96E-C69C64A6BF65}.Release|Windows-x86.ActiveCfg = Release|Any CPU
		{486F6D90-5137-4960-B96E-C69C64A6BF65}.Release|Windows-x86.Build.0 = Release|Any CPU
		{FE953BEC-98E3-4400-AB82-7690D722D998}.Debug|Android.ActiveCfg = Debug|Any CPU
		{FE953BEC-98E3-4400-AB82-7690D722D998}.Debug|Android.Build.0 = Debug|Any CPU
		{FE953BEC-98E3-4400-AB82-7690D722D998}.Debug|Any CPU.ActiveCfg = Debug|Any CPU
		{FE953BEC-98E3-4400-AB82-7690D722D998}.Debug|Any CPU.Build.0 = Debug|Any CPU
		{FE953BEC-98E3-4400-AB82-7690D722D998}.Debug|iOS.ActiveCfg = Debug|Any CPU
		{FE953BEC-98E3-4400-AB82-7690D722D998}.Debug|iOS.Build.0 = Debug|Any CPU
		{FE953BEC-98E3-4400-AB82-7690D722D998}.Debug|Windows-ARM.ActiveCfg = Debug|Any CPU
		{FE953BEC-98E3-4400-AB82-7690D722D998}.Debug|Windows-ARM.Build.0 = Debug|Any CPU
		{FE953BEC-98E3-4400-AB82-7690D722D998}.Debug|Windows-x64.ActiveCfg = Debug|Any CPU
		{FE953BEC-98E3-4400-AB82-7690D722D998}.Debug|Windows-x64.Build.0 = Debug|Any CPU
		{FE953BEC-98E3-4400-AB82-7690D722D998}.Debug|Windows-x86.ActiveCfg = Debug|Any CPU
		{FE953BEC-98E3-4400-AB82-7690D722D998}.Debug|Windows-x86.Build.0 = Debug|Any CPU
		{FE953BEC-98E3-4400-AB82-7690D722D998}.Release|Android.ActiveCfg = Release|Any CPU
		{FE953BEC-98E3-4400-AB82-7690D722D998}.Release|Android.Build.0 = Release|Any CPU
		{FE953BEC-98E3-4400-AB82-7690D722D998}.Release|Any CPU.ActiveCfg = Release|Any CPU
		{FE953BEC-98E3-4400-AB82-7690D722D998}.Release|Any CPU.Build.0 = Release|Any CPU
		{FE953BEC-98E3-4400-AB82-7690D722D998}.Release|iOS.ActiveCfg = Release|Any CPU
		{FE953BEC-98E3-4400-AB82-7690D722D998}.Release|iOS.Build.0 = Release|Any CPU
		{FE953BEC-98E3-4400-AB82-7690D722D998}.Release|Windows-ARM.ActiveCfg = Release|Any CPU
		{FE953BEC-98E3-4400-AB82-7690D722D998}.Release|Windows-ARM.Build.0 = Release|Any CPU
		{FE953BEC-98E3-4400-AB82-7690D722D998}.Release|Windows-x64.ActiveCfg = Release|Any CPU
		{FE953BEC-98E3-4400-AB82-7690D722D998}.Release|Windows-x64.Build.0 = Release|Any CPU
		{FE953BEC-98E3-4400-AB82-7690D722D998}.Release|Windows-x86.ActiveCfg = Release|Any CPU
		{FE953BEC-98E3-4400-AB82-7690D722D998}.Release|Windows-x86.Build.0 = Release|Any CPU
		{89C30DD6-4B3C-4E2E-B53D-B95856299FA1}.Debug|Android.ActiveCfg = Debug|Android
		{89C30DD6-4B3C-4E2E-B53D-B95856299FA1}.Debug|Android.Build.0 = Debug|Android
		{89C30DD6-4B3C-4E2E-B53D-B95856299FA1}.Debug|Android.Deploy.0 = Debug|Android
		{89C30DD6-4B3C-4E2E-B53D-B95856299FA1}.Debug|Any CPU.ActiveCfg = Debug|Android
		{89C30DD6-4B3C-4E2E-B53D-B95856299FA1}.Debug|iOS.ActiveCfg = Debug|iOS
		{89C30DD6-4B3C-4E2E-B53D-B95856299FA1}.Debug|iOS.Build.0 = Debug|iOS
		{89C30DD6-4B3C-4E2E-B53D-B95856299FA1}.Debug|iOS.Deploy.0 = Debug|iOS
		{89C30DD6-4B3C-4E2E-B53D-B95856299FA1}.Debug|Windows-ARM.ActiveCfg = Debug|Windows-ARM
		{89C30DD6-4B3C-4E2E-B53D-B95856299FA1}.Debug|Windows-ARM.Build.0 = Debug|Windows-ARM
		{89C30DD6-4B3C-4E2E-B53D-B95856299FA1}.Debug|Windows-ARM.Deploy.0 = Debug|Windows-ARM
		{89C30DD6-4B3C-4E2E-B53D-B95856299FA1}.Debug|Windows-x64.ActiveCfg = Debug|Windows-x64
		{89C30DD6-4B3C-4E2E-B53D-B95856299FA1}.Debug|Windows-x64.Build.0 = Debug|Windows-x64
		{89C30DD6-4B3C-4E2E-B53D-B95856299FA1}.Debug|Windows-x64.Deploy.0 = Debug|Windows-x64
		{89C30DD6-4B3C-4E2E-B53D-B95856299FA1}.Debug|Windows-x86.ActiveCfg = Debug|Windows-x86
		{89C30DD6-4B3C-4E2E-B53D-B95856299FA1}.Debug|Windows-x86.Build.0 = Debug|Windows-x86
		{89C30DD6-4B3C-4E2E-B53D-B95856299FA1}.Debug|Windows-x86.Deploy.0 = Debug|Windows-x86
		{89C30DD6-4B3C-4E2E-B53D-B95856299FA1}.Release|Android.ActiveCfg = Release|Android
		{89C30DD6-4B3C-4E2E-B53D-B95856299FA1}.Release|Android.Build.0 = Release|Android
		{89C30DD6-4B3C-4E2E-B53D-B95856299FA1}.Release|Android.Deploy.0 = Release|Android
		{89C30DD6-4B3C-4E2E-B53D-B95856299FA1}.Release|Any CPU.ActiveCfg = Release|Android
		{89C30DD6-4B3C-4E2E-B53D-B95856299FA1}.Release|iOS.ActiveCfg = Release|iOS
		{89C30DD6-4B3C-4E2E-B53D-B95856299FA1}.Release|iOS.Build.0 = Release|iOS
		{89C30DD6-4B3C-4E2E-B53D-B95856299FA1}.Release|iOS.Deploy.0 = Release|iOS
		{89C30DD6-4B3C-4E2E-B53D-B95856299FA1}.Release|Windows-ARM.ActiveCfg = Release|Windows-ARM
		{89C30DD6-4B3C-4E2E-B53D-B95856299FA1}.Release|Windows-ARM.Build.0 = Release|Windows-ARM
		{89C30DD6-4B3C-4E2E-B53D-B95856299FA1}.Release|Windows-ARM.Deploy.0 = Release|Windows-ARM
		{89C30DD6-4B3C-4E2E-B53D-B95856299FA1}.Release|Windows-x64.ActiveCfg = Release|Windows-x64
		{89C30DD6-4B3C-4E2E-B53D-B95856299FA1}.Release|Windows-x64.Build.0 = Release|Windows-x64
		{89C30DD6-4B3C-4E2E-B53D-B95856299FA1}.Release|Windows-x64.Deploy.0 = Release|Windows-x64
		{89C30DD6-4B3C-4E2E-B53D-B95856299FA1}.Release|Windows-x86.ActiveCfg = Release|Windows-x86
		{89C30DD6-4B3C-4E2E-B53D-B95856299FA1}.Release|Windows-x86.Build.0 = Release|Windows-x86
		{89C30DD6-4B3C-4E2E-B53D-B95856299FA1}.Release|Windows-x86.Deploy.0 = Release|Windows-x86
		{5DB28034-49BF-4740-877F-C3C9DEDE3175}.Debug|Android.ActiveCfg = Debug|Any CPU
		{5DB28034-49BF-4740-877F-C3C9DEDE3175}.Debug|Android.Build.0 = Debug|Any CPU
		{5DB28034-49BF-4740-877F-C3C9DEDE3175}.Debug|Android.Deploy.0 = Debug|Any CPU
		{5DB28034-49BF-4740-877F-C3C9DEDE3175}.Debug|Any CPU.ActiveCfg = Debug|Any CPU
		{5DB28034-49BF-4740-877F-C3C9DEDE3175}.Debug|Any CPU.Build.0 = Debug|Any CPU
		{5DB28034-49BF-4740-877F-C3C9DEDE3175}.Debug|Any CPU.Deploy.0 = Debug|Any CPU
		{5DB28034-49BF-4740-877F-C3C9DEDE3175}.Debug|iOS.ActiveCfg = Debug|Any CPU
		{5DB28034-49BF-4740-877F-C3C9DEDE3175}.Debug|iOS.Build.0 = Debug|Any CPU
		{5DB28034-49BF-4740-877F-C3C9DEDE3175}.Debug|iOS.Deploy.0 = Debug|Any CPU
		{5DB28034-49BF-4740-877F-C3C9DEDE3175}.Debug|Windows-ARM.ActiveCfg = Debug|Any CPU
		{5DB28034-49BF-4740-877F-C3C9DEDE3175}.Debug|Windows-ARM.Build.0 = Debug|Any CPU
		{5DB28034-49BF-4740-877F-C3C9DEDE3175}.Debug|Windows-ARM.Deploy.0 = Debug|Any CPU
		{5DB28034-49BF-4740-877F-C3C9DEDE3175}.Debug|Windows-x64.ActiveCfg = Debug|Any CPU
		{5DB28034-49BF-4740-877F-C3C9DEDE3175}.Debug|Windows-x64.Build.0 = Debug|Any CPU
		{5DB28034-49BF-4740-877F-C3C9DEDE3175}.Debug|Windows-x64.Deploy.0 = Debug|Any CPU
		{5DB28034-49BF-4740-877F-C3C9DEDE3175}.Debug|Windows-x86.ActiveCfg = Debug|Any CPU
		{5DB28034-49BF-4740-877F-C3C9DEDE3175}.Debug|Windows-x86.Build.0 = Debug|Any CPU
		{5DB28034-49BF-4740-877F-C3C9DEDE3175}.Debug|Windows-x86.Deploy.0 = Debug|Any CPU
		{5DB28034-49BF-4740-877F-C3C9DEDE3175}.Release|Android.ActiveCfg = Release|Any CPU
		{5DB28034-49BF-4740-877F-C3C9DEDE3175}.Release|Android.Build.0 = Release|Any CPU
		{5DB28034-49BF-4740-877F-C3C9DEDE3175}.Release|Android.Deploy.0 = Release|Any CPU
		{5DB28034-49BF-4740-877F-C3C9DEDE3175}.Release|Any CPU.ActiveCfg = Release|Any CPU
		{5DB28034-49BF-4740-877F-C3C9DEDE3175}.Release|Any CPU.Build.0 = Release|Any CPU
		{5DB28034-49BF-4740-877F-C3C9DEDE3175}.Release|Any CPU.Deploy.0 = Release|Any CPU
		{5DB28034-49BF-4740-877F-C3C9DEDE3175}.Release|iOS.ActiveCfg = Release|Any CPU
		{5DB28034-49BF-4740-877F-C3C9DEDE3175}.Release|iOS.Build.0 = Release|Any CPU
		{5DB28034-49BF-4740-877F-C3C9DEDE3175}.Release|iOS.Deploy.0 = Release|Any CPU
		{5DB28034-49BF-4740-877F-C3C9DEDE3175}.Release|Windows-ARM.ActiveCfg = Release|Any CPU
		{5DB28034-49BF-4740-877F-C3C9DEDE3175}.Release|Windows-ARM.Build.0 = Release|Any CPU
		{5DB28034-49BF-4740-877F-C3C9DEDE3175}.Release|Windows-ARM.Deploy.0 = Release|Any CPU
		{5DB28034-49BF-4740-877F-C3C9DEDE3175}.Release|Windows-x64.ActiveCfg = Release|Any CPU
		{5DB28034-49BF-4740-877F-C3C9DEDE3175}.Release|Windows-x64.Build.0 = Release|Any CPU
		{5DB28034-49BF-4740-877F-C3C9DEDE3175}.Release|Windows-x64.Deploy.0 = Release|Any CPU
		{5DB28034-49BF-4740-877F-C3C9DEDE3175}.Release|Windows-x86.ActiveCfg = Release|Any CPU
		{5DB28034-49BF-4740-877F-C3C9DEDE3175}.Release|Windows-x86.Build.0 = Release|Any CPU
		{5DB28034-49BF-4740-877F-C3C9DEDE3175}.Release|Windows-x86.Deploy.0 = Release|Any CPU
	EndGlobalSection
	GlobalSection(SolutionProperties) = preSolution
		HideSolutionNode = FALSE
	EndGlobalSection
	GlobalSection(ExtensibilityGlobals) = postSolution
		SolutionGuid = {F37F9DEE-0303-489D-A295-69495C8ECE6F}
	EndGlobalSection
EndGlobal
